hash: 77e946f31068a150b683af50982fac4296e919c8af1f921004b517ef73cc4626
updated: 2016-08-24T13:51:32.608981075-05:00
imports:
- name: github.com/ant0ine/go-json-rest
  version: ""
  subpackages:
  - rest
  - rest/trie
- name: github.com/beorn7/perks
  version: ""
  subpackages:
  - quantile
- name: github.com/blang/semver
  version: ""
- name: github.com/coreos/etcd
  version: ""
  subpackages:
  - client
  - pkg/pathutil
  - pkg/types
- name: github.com/davecgh/go-spew
  version: ""
  subpackages:
  - spew
- name: github.com/dgrijalva/jwt-go
  version: ""
- name: github.com/docker/distribution
  version: ""
  subpackages:
  - digest
  - reference
- name: github.com/docker/docker
  version: ""
  subpackages:
  - pkg/jsonmessage
  - pkg/mount
  - pkg/stdcopy
  - pkg/symlink
  - pkg/term
  - pkg/term/winconsole
  - pkg/timeutils
  - pkg/units
- name: github.com/docker/go-units
  version: ""
- name: github.com/docker/spdystream
  version: ""
  subpackages:
  - spdy
- name: github.com/emicklei/go-restful
  version: ""
  subpackages:
  - log
  - swagger
- name: github.com/ghodss/yaml
  version: ""
- name: github.com/gogo/protobuf
  version: ""
  subpackages:
  - gogoproto
  - plugin/defaultcheck
  - plugin/description
  - plugin/embedcheck
  - plugin/enumstringer
  - plugin/equal
  - plugin/face
  - plugin/gostring
  - plugin/grpc
  - plugin/marshalto
  - plugin/oneofcheck
  - plugin/populate
  - plugin/size
  - plugin/stringer
  - plugin/testgen
  - plugin/union
  - plugin/unmarshal
  - proto
  - protoc-gen-gogo/descriptor
  - protoc-gen-gogo/generator
  - protoc-gen-gogo/plugin
  - sortkeys
  - vanity
  - vanity/command
- name: github.com/golang/glog
  version: 42e0c7e7614b8ed3f59a01bb4e0e5c287b106aed
- name: github.com/golang/protobuf
  version: ""
  subpackages:
  - proto
- name: github.com/google/gofuzz
  version: ""
- name: github.com/juju/ratelimit
  version: ""
- name: github.com/matttproud/golang_protobuf_extensions
  version: ""
  subpackages:
  - pbutil
- name: github.com/opencontainers/runc
  version: ""
  subpackages:
  - libcontainer
  - libcontainer/apparmor
  - libcontainer/cgroups
  - libcontainer/cgroups/fs
  - libcontainer/cgroups/systemd
  - libcontainer/configs
  - libcontainer/configs/validate
  - libcontainer/criurpc
  - libcontainer/label
  - libcontainer/seccomp
  - libcontainer/selinux
  - libcontainer/stacktrace
  - libcontainer/system
  - libcontainer/user
  - libcontainer/utils
- name: github.com/pborman/uuid
  version: ""
- name: github.com/prometheus/client_golang
  version: ""
  subpackages:
  - prometheus
- name: github.com/prometheus/client_model
  version: ""
  subpackages:
  - go
- name: github.com/prometheus/common
  version: ""
  subpackages:
  - expfmt
  - internal/bitbucket.org/ww/goautoneg
  - model
- name: github.com/prometheus/procfs
  version: ""
- name: github.com/spf13/pflag
  version: ""
- name: github.com/StephanDollberg/go-json-rest-middleware-jwt
  version: ""
- name: github.com/ugorji/go
  version: ""
  subpackages:
  - codec
  - codec/codecgen
- name: github.com/xeipuuv/gojsonpointer
  version: 42e0c7e7614b8ed3f59a01bb4e0e5c287b106aed
- name: github.com/xeipuuv/gojsonreference
  version: 42e0c7e7614b8ed3f59a01bb4e0e5c287b106aed
- name: github.com/xeipuuv/gojsonschema
  version: 42e0c7e7614b8ed3f59a01bb4e0e5c287b106aed
- name: golang.org/x/crypto
  version: c84e1f8e3a7e322d497cd16c0e8a13c7e127baf3
  subpackages:
  - bcrypt
  - blowfish
- name: golang.org/x/net
  version: ""
  subpackages:
  - context
  - websocket
  - http2
  - http2/hpack
- name: gopkg.in/gcfg.v1
  version: ""
  subpackages:
  - scanner
  - token
  - types
- name: gopkg.in/inf.v0
  version: ""
- name: gopkg.in/yaml.v2
  version: ""
- name: k8s.io/kubernetes
  version: ""
  subpackages:
  - pkg/api
  - pkg/api/resource
  - pkg/api/unversioned
  - pkg/apis/extensions
  - pkg/client/restclient
  - pkg/client/unversioned/remotecommand
  - pkg/kubelet/server/remotecommand
  - pkg/util/intstr
  - pkg/util/rand
  - pkg/watch
  - pkg/watch/json
  - pkg/api/meta
  - pkg/api/meta/metatypes
  - pkg/auth/user
  - pkg/conversion
  - pkg/fields
  - pkg/labels
  - pkg/runtime
  - pkg/runtime/serializer
  - pkg/types
  - pkg/util
  - pkg/util/sets
  - pkg/util/net
  - pkg/util/runtime
  - pkg/util/wait
  - pkg/apis/autoscaling
  - pkg/apis/batch
  - pkg/api/errors
  - pkg/api/v1
  - pkg/api/validation
  - pkg/client/metrics
  - pkg/client/transport
  - pkg/client/unversioned/clientcmd/api
  - pkg/runtime/serializer/streaming
  - pkg/util/crypto
  - pkg/util/flowcontrol
  - pkg/version
  - pkg/watch/versioned
  - pkg/util/httpstream
  - pkg/util/httpstream/spdy
  - pkg/httplog
  - pkg/util/wsstream
  - pkg/util/errors
  - third_party/forked/reflect
  - pkg/util/validation
  - pkg/conversion/queryparams
  - pkg/util/json
  - pkg/runtime/serializer/json
  - pkg/runtime/serializer/protobuf
  - pkg/runtime/serializer/recognizer
  - pkg/runtime/serializer/versioning
  - pkg/util/validation/field
  - pkg/util/parsers
  - pkg/api/endpoints
  - pkg/api/pod
  - pkg/api/service
  - pkg/api/unversioned/validation
  - pkg/api/util
  - pkg/capabilities
  - pkg/util/yaml
  - pkg/util/integer
  - third_party/golang/netutil
  - pkg/util/framer
  - pkg/util/hash
  - pkg/util/net/sets
testImports: []
